
Microsoft Visual Studio Solution File, Format Version 12.00
# Visual Studio Version 17
VisualStudioVersion = 17.6.33829.357
MinimumVisualStudioVersion = 10.0.40219.1
Project("{FAE04EC0-301F-11D3-BF4B-00C04F79EFBC}") = "Demo222", "Demo222\Demo222.csproj", "{2374EB21-48AC-4DE8-B0F4-9C6F0FFC9FAD}"
EndProject
Global
	GlobalSection(SolutionConfigurationPlatforms) = preSolution
		Debug|Any CPU = Debug|Any CPU
		Release|Any CPU = Release|Any CPU
	EndGlobalSection
	GlobalSection(ProjectConfigurationPlatforms) = postSolution
		{2374EB21-48AC-4DE8-B0F4-9C6F0FFC9FAD}.Debug|Any CPU.ActiveCfg = Debug|Any CPU
		{2374EB21-48AC-4DE8-B0F4-9C6F0FFC9FAD}.Debug|Any CPU.Build.0 = Debug|Any CPU
		{2374EB21-48AC-4DE8-B0F4-9C6F0FFC9FAD}.Release|Any CPU.ActiveCfg = Release|Any CPU
		{2374EB21-48AC-4DE8-B0F4-9C6F0FFC9FAD}.Release|Any CPU.Build.0 = Release|Any CPU
	EndGlobalSection
	GlobalSection(SolutionProperties) = preSolution
		HideSolutionNode = FALSE
	EndGlobalSection
	GlobalSection(ExtensibilityGlobals) = postSolution
		SolutionGuid = {D4D45D17-9018-4F77-9E59-31D9C7ED3616}
	EndGlobalSection
EndGlobal
